
Microsoft Visual Studio Solution File, Format Version 12.00
# Visual Studio Version 16
VisualStudioVersion = 16.0.29001.49
MinimumVisualStudioVersion = 10.0.40219.1
Project("{FAE04EC0-301F-11D3-BF4B-00C04F79EFBC}") = "SalaryV1", "SalaryV1\SalaryV1.csproj", "{4FEBF6D4-5E0E-4113-BF6E-863331035FD0}"
EndProject
Global
	GlobalSection(SolutionConfigurationPlatforms) = preSolution
		Debug|Any CPU = Debug|Any CPU
		Release|Any CPU = Release|Any CPU
	EndGlobalSection
	GlobalSection(ProjectConfigurationPlatforms) = postSolution
		{4FEBF6D4-5E0E-4113-BF6E-863331035FD0}.Debug|Any CPU.ActiveCfg = Debug|Any CPU
		{4FEBF6D4-5E0E-4113-BF6E-863331035FD0}.Debug|Any CPU.Build.0 = Debug|Any CPU
		{4FEBF6D4-5E0E-4113-BF6E-863331035FD0}.Release|Any CPU.ActiveCfg = Release|Any CPU
		{4FEBF6D4-5E0E-4113-BF6E-863331035FD0}.Release|Any CPU.Build.0 = Release|Any CPU
	EndGlobalSection
	GlobalSection(SolutionProperties) = preSolution
		HideSolutionNode = FALSE
	EndGlobalSection
	GlobalSection(ExtensibilityGlobals) = postSolution
		SolutionGuid = {C9760297-C7D6-459E-B5CF-280493C8208E}
	EndGlobalSection
EndGlobal
